
Microsoft Visual Studio Solution File, Format Version 12.00
# Visual Studio Version 16
VisualStudioVersion = 16.0.29613.14
MinimumVisualStudioVersion = 10.0.40219.1
Project("{FAE04EC0-301F-11D3-BF4B-00C04F79EFBC}") = "UdpLink.Server", "src\UdpLink.Server\UdpLink.Server.csproj", "{3C64CA8C-424B-4AE6-913B-1E1F7C1A8206}"
EndProject
Project("{9A19103F-16F7-4668-BE54-9A1E7A4F7556}") = "UdpLink.Client", "src\UdpLink.Client\UdpLink.Client.csproj", "{3B3B023C-2A70-4E34-902C-D8FBF321D12D}"
EndProject
Project("{FAE04EC0-301F-11D3-BF4B-00C04F79EFBC}") = "UdpLink.Shared", "src\UdpLink.Shared\UdpLink.Shared.csproj", "{7E0BFE42-F011-4742-ABB4-D1C50B5CBA64}"
EndProject
Global
	GlobalSection(SolutionConfigurationPlatforms) = preSolution
		Debug|Any CPU = Debug|Any CPU
		Release|Any CPU = Release|Any CPU
	EndGlobalSection
	GlobalSection(ProjectConfigurationPlatforms) = postSolution
		{3C64CA8C-424B-4AE6-913B-1E1F7C1A8206}.Debug|Any CPU.ActiveCfg = Debug|Any CPU
		{3C64CA8C-424B-4AE6-913B-1E1F7C1A8206}.Debug|Any CPU.Build.0 = Debug|Any CPU
		{3C64CA8C-424B-4AE6-913B-1E1F7C1A8206}.Release|Any CPU.ActiveCfg = Release|Any CPU
		{3C64CA8C-424B-4AE6-913B-1E1F7C1A8206}.Release|Any CPU.Build.0 = Release|Any CPU
		{3B3B023C-2A70-4E34-902C-D8FBF321D12D}.Debug|Any CPU.ActiveCfg = Debug|Any CPU
		{3B3B023C-2A70-4E34-902C-D8FBF321D12D}.Debug|Any CPU.Build.0 = Debug|Any CPU
		{3B3B023C-2A70-4E34-902C-D8FBF321D12D}.Release|Any CPU.ActiveCfg = Release|Any CPU
		{3B3B023C-2A70-4E34-902C-D8FBF321D12D}.Release|Any CPU.Build.0 = Release|Any CPU
		{7E0BFE42-F011-4742-ABB4-D1C50B5CBA64}.Debug|Any CPU.ActiveCfg = Debug|Any CPU
		{7E0BFE42-F011-4742-ABB4-D1C50B5CBA64}.Debug|Any CPU.Build.0 = Debug|Any CPU
		{7E0BFE42-F011-4742-ABB4-D1C50B5CBA64}.Release|Any CPU.ActiveCfg = Release|Any CPU
		{7E0BFE42-F011-4742-ABB4-D1C50B5CBA64}.Release|Any CPU.Build.0 = Release|Any CPU
	EndGlobalSection
	GlobalSection(SolutionProperties) = preSolution
		HideSolutionNode = FALSE
	EndGlobalSection
	GlobalSection(ExtensibilityGlobals) = postSolution
		SolutionGuid = {B9528109-6069-4E31-9BBA-36F077DE76B5}
	EndGlobalSection
EndGlobal
